// !$*UTF8*$!
{
	archiveVersion = 1;
	classes = {
	};
	objectVersion = 77;
	objects = {

/* Begin PBXBuildFile section */
		AB17FAFE2CB9837E00D081EB /* SDWebImage in Frameworks */ = {isa = PBXBuildFile; productRef = AB17FAFD2CB9837E00D081EB /* SDWebImage */; };
		AB17FB002CB9837E00D081EB /* SDWebImageMapKit in Frameworks */ = {isa = PBXBuildFile; productRef = AB17FAFF2CB9837E00D081EB /* SDWebImageMapKit */; };
		AB17FB032CB983C400D081EB /* FirebaseAuth in Frameworks */ = {isa = PBXBuildFile; productRef = AB17FB022CB983C400D081EB /* FirebaseAuth */; };
		AB17FB052CB983C400D081EB /* FirebaseAuthCombine-Community in Frameworks */ = {isa = PBXBuildFile; productRef = AB17FB042CB983C400D081EB /* FirebaseAuthCombine-Community */; };
		AB17FB072CB983C400D081EB /* FirebaseCore in Frameworks */ = {isa = PBXBuildFile; productRef = AB17FB062CB983C400D081EB /* FirebaseCore */; };
		AB17FB092CB983C400D081EB /* FirebaseDatabase in Frameworks */ = {isa = PBXBuildFile; productRef = AB17FB082CB983C400D081EB /* FirebaseDatabase */; };
		AB17FB0B2CB983C400D081EB /* FirebaseFirestore in Frameworks */ = {isa = PBXBuildFile; productRef = AB17FB0A2CB983C400D081EB /* FirebaseFirestore */; };
		AB17FB0D2CB983C400D081EB /* FirebaseFirestoreCombine-Community in Frameworks */ = {isa = PBXBuildFile; productRef = AB17FB0C2CB983C400D081EB /* FirebaseFirestoreCombine-Community */; };
		AB17FB0F2CB983C400D081EB /* FirebaseFunctions in Frameworks */ = {isa = PBXBuildFile; productRef = AB17FB0E2CB983C400D081EB /* FirebaseFunctions */; };
		AB17FB112CB983C400D081EB /* FirebaseFunctionsCombine-Community in Frameworks */ = {isa = PBXBuildFile; productRef = AB17FB102CB983C400D081EB /* FirebaseFunctionsCombine-Community */; };
		AB17FB132CB983C400D081EB /* FirebaseStorage in Frameworks */ = {isa = PBXBuildFile; productRef = AB17FB122CB983C400D081EB /* FirebaseStorage */; };
		AB17FB152CB983C400D081EB /* FirebaseStorageCombine-Community in Frameworks */ = {isa = PBXBuildFile; productRef = AB17FB142CB983C400D081EB /* FirebaseStorageCombine-Community */; };
/* End PBXBuildFile section */

/* Begin PBXFileReference section */
		ABA1FFC92CBC435D00D01DFD /* TwitterCloneApp.app */ = {isa = PBXFileReference; explicitFileType = wrapper.application; includeInIndex = 0; path = TwitterCloneApp.app; sourceTree = BUILT_PRODUCTS_DIR; };
/* End PBXFileReference section */

/* Begin PBXFileSystemSynchronizedBuildFileExceptionSet section */
		AB17FAE22CB982A600D081EB /* Exceptions for "TwitterCloneApp" folder in "TwitterCloneApp" target */ = {
			isa = PBXFileSystemSynchronizedBuildFileExceptionSet;
			membershipExceptions = (
				Info.plist,
			);
			target = AB17FACF2CB982A400D081EB /* TwitterCloneApp */;
		};
/* End PBXFileSystemSynchronizedBuildFileExceptionSet section */

/* Begin PBXFileSystemSynchronizedRootGroup section */
		AB17FAD22CB982A400D081EB /* TwitterCloneApp */ = {
			isa = PBXFileSystemSynchronizedRootGroup;
			exceptions = (
				AB17FAE22CB982A600D081EB /* Exceptions for "TwitterCloneApp" folder in "TwitterCloneApp" target */,
			);
			path = TwitterCloneApp;
			sourceTree = "<group>";
		};
/* End PBXFileSystemSynchronizedRootGroup section */

/* Begin PBXFrameworksBuildPhase section */
		AB17FACD2CB982A400D081EB /* Frameworks */ = {
			isa = PBXFrameworksBuildPhase;
			buildActionMask = 2147483647;
			files = (
				AB17FB092CB983C400D081EB /* FirebaseDatabase in Frameworks */,
				AB17FB0D2CB983C400D081EB /* FirebaseFirestoreCombine-Community in Frameworks */,
				AB17FB002CB9837E00D081EB /* SDWebImageMapKit in Frameworks */,
				AB17FB112CB983C400D081EB /* FirebaseFunctionsCombine-Community in Frameworks */,
				AB17FB0F2CB983C400D081EB /* FirebaseFunctions in Frameworks */,
				AB17FB072CB983C400D081EB /* FirebaseCore in Frameworks */,
				AB17FB032CB983C400D081EB /* FirebaseAuth in Frameworks */,
				AB17FAFE2CB9837E00D081EB /* SDWebImage in Frameworks */,
				AB17FB132CB983C400D081EB /* FirebaseStorage in Frameworks */,
				AB17FB052CB983C400D081EB /* FirebaseAuthCombine-Community in Frameworks */,
				AB17FB152CB983C400D081EB /* FirebaseStorageCombine-Community in Frameworks */,
				AB17FB0B2CB983C400D081EB /* FirebaseFirestore in Frameworks */,
			);
			runOnlyForDeploymentPostprocessing = 0;
		};
/* End PBXFrameworksBuildPhase section */

/* Begin PBXGroup section */
		AB17FAC72CB982A400D081EB = {
			isa = PBXGroup;
			children = (
				ABA1FFC92CBC435D00D01DFD /* TwitterCloneApp.app */,
				AB17FAD22CB982A400D081EB /* TwitterCloneApp */,
			);
			sourceTree = "<group>";
		};
/* End PBXGroup section */

/* Begin PBXNativeTarget section */
		AB17FACF2CB982A400D081EB /* TwitterCloneApp */ = {
			isa = PBXNativeTarget;
			buildConfigurationList = AB17FAE32CB982A600D081EB /* Build configuration list for PBXNativeTarget "TwitterCloneApp" */;
			buildPhases = (
				AB17FACC2CB982A400D081EB /* Sources */,
				AB17FACD2CB982A400D081EB /* Frameworks */,
				AB17FACE2CB982A400D081EB /* Resources */,
			);
			buildRules = (
			);
			dependencies = (
			);
			fileSystemSynchronizedGroups = (
				AB17FAD22CB982A400D081EB /* TwitterCloneApp */,
			);
			name = TwitterCloneApp;
			packageProductDependencies = (
				AB17FAFD2CB9837E00D081EB /* SDWebImage */,
				AB17FAFF2CB9837E00D081EB /* SDWebImageMapKit */,
				AB17FB022CB983C400D081EB /* FirebaseAuth */,
				AB17FB042CB983C400D081EB /* FirebaseAuthCombine-Community */,
				AB17FB062CB983C400D081EB /* FirebaseCore */,
				AB17FB082CB983C400D081EB /* FirebaseDatabase */,
				AB17FB0A2CB983C400D081EB /* FirebaseFirestore */,
				AB17FB0C2CB983C400D081EB /* FirebaseFirestoreCombine-Community */,
				AB17FB0E2CB983C400D081EB /* FirebaseFunctions */,
				AB17FB102CB983C400D081EB /* FirebaseFunctionsCombine-Community */,
				AB17FB122CB983C400D081EB /* FirebaseStorage */,
				AB17FB142CB983C400D081EB /* FirebaseStorageCombine-Community */,
			);
			productName = TwitterCloneApp;
			productReference = ABA1FFC92CBC435D00D01DFD /* TwitterCloneApp.app */;
			productType = "com.apple.product-type.application";
		};
/* End PBXNativeTarget section */

/* Begin PBXProject section */
		AB17FAC82CB982A400D081EB /* Project object */ = {
			isa = PBXProject;
			attributes = {
				BuildIndependentTargetsInParallel = 1;
				LastSwiftUpdateCheck = 1600;
				LastUpgradeCheck = 1610;
				TargetAttributes = {
					AB17FACF2CB982A400D081EB = {
						CreatedOnToolsVersion = 16.0;
					};
				};
			};
			buildConfigurationList = AB17FACB2CB982A400D081EB /* Build configuration list for PBXProject "TwitterCloneApp" */;
			developmentRegion = en;
			hasScannedForEncodings = 0;
			knownRegions = (
				en,
				Base,
			);
			mainGroup = AB17FAC72CB982A400D081EB;
			minimizedProjectReferenceProxies = 1;
			packageReferences = (
				AB17FAFC2CB9837E00D081EB /* XCRemoteSwiftPackageReference "SDWebImage" */,
				AB17FB012CB983C400D081EB /* XCRemoteSwiftPackageReference "firebase-ios-sdk" */,
			);
			preferredProjectObjectVersion = 77;
			productRefGroup = AB17FAC72CB982A400D081EB;
			projectDirPath = "";
			projectRoot = "";
			targets = (
				AB17FACF2CB982A400D081EB /* TwitterCloneApp */,
			);
		};
/* End PBXProject section */

/* Begin PBXResourcesBuildPhase section */
		AB17FACE2CB982A400D081EB /* Resources */ = {
			isa = PBXResourcesBuildPhase;
			buildActionMask = 2147483647;
			files = (
			);
			runOnlyForDeploymentPostprocessing = 0;
		};
/* End PBXResourcesBuildPhase section */

/* Begin PBXSourcesBuildPhase section */
		AB17FACC2CB982A400D081EB /* Sources */ = {
			isa = PBXSourcesBuildPhase;
			buildActionMask = 2147483647;
			files = (
			);
			runOnlyForDeploymentPostprocessing = 0;
		};
/* End PBXSourcesBuildPhase section */

/* Begin XCBuildConfiguration section */
		AB17FAE42CB982A600D081EB /* Debug */ = {
			isa = XCBuildConfiguration;
			buildSettings = {
				ASSETCATALOG_COMPILER_APPICON_NAME = AppIcon;
				ASSETCATALOG_COMPILER_GLOBAL_ACCENT_COLOR_NAME = AccentColor;
				CODE_SIGN_STYLE = Automatic;
				CURRENT_PROJECT_VERSION = 1;
				DEVELOPMENT_TEAM = 7AVWTU2KYN;
				GENERATE_INFOPLIST_FILE = YES;
				INFOPLIST_FILE = TwitterCloneApp/Info.plist;
				INFOPLIST_KEY_LSApplicationCategoryType = "public.app-category.social-networking";
				INFOPLIST_KEY_MetalCaptureEnabled = NO;
				INFOPLIST_KEY_UIApplicationSupportsIndirectInputEvents = YES;
				INFOPLIST_KEY_UILaunchStoryboardName = LaunchScreen;
				INFOPLIST_KEY_UISupportedInterfaceOrientations = UIInterfaceOrientationPortrait;
				INFOPLIST_KEY_UISupportedInterfaceOrientations_iPad = "UIInterfaceOrientationLandscapeLeft UIInterfaceOrientationLandscapeRight UIInterfaceOrientationPortrait UIInterfaceOrientationPortraitUpsideDown";
				IPHONEOS_DEPLOYMENT_TARGET = 15.6;
				LD_RUNPATH_SEARCH_PATHS = (
					"$(inherited)",
					"@executable_path/Frameworks",
				);
				MARKETING_VERSION = 1.0;
				PRODUCT_BUNDLE_IDENTIFIER = com.qq.TwitterCloneApp;
				PRODUCT_NAME = "$(TARGET_NAME)";
				SWIFT_EMIT_LOC_STRINGS = YES;
				SWIFT_VERSION = 6.0;
				TARGETED_DEVICE_FAMILY = "1,2";
			};
			name = Debug;
		};
		AB17FAE52CB982A600D081EB /* Release */ = {
			isa = XCBuildConfiguration;
			buildSettings = {
				ASSETCATALOG_COMPILER_APPICON_NAME = AppIcon;
				ASSETCATALOG_COMPILER_GLOBAL_ACCENT_COLOR_NAME = AccentColor;
				CODE_SIGN_STYLE = Automatic;
				CURRENT_PROJECT_VERSION = 1;
				DEVELOPMENT_TEAM = 7AVWTU2KYN;
				GENERATE_INFOPLIST_FILE = YES;
				INFOPLIST_FILE = TwitterCloneApp/Info.plist;
				INFOPLIST_KEY_LSApplicationCategoryType = "public.app-category.social-networking";
				INFOPLIST_KEY_MetalCaptureEnabled = NO;
				INFOPLIST_KEY_UIApplicationSupportsIndirectInputEvents = YES;
				INFOPLIST_KEY_UILaunchStoryboardName = LaunchScreen;
				INFOPLIST_KEY_UISupportedInterfaceOrientations = UIInterfaceOrientationPortrait;
				INFOPLIST_KEY_UISupportedInterfaceOrientations_iPad = "UIInterfaceOrientationLandscapeLeft UIInterfaceOrientationLandscapeRight UIInterfaceOrientationPortrait UIInterfaceOrientationPortraitUpsideDown";
				IPHONEOS_DEPLOYMENT_TARGET = 15.6;
				LD_RUNPATH_SEARCH_PATHS = (
					"$(inherited)",
					"@executable_path/Frameworks",
				);
				MARKETING_VERSION = 1.0;
				PRODUCT_BUNDLE_IDENTIFIER = com.qq.TwitterCloneApp;
				PRODUCT_NAME = "$(TARGET_NAME)";
				SWIFT_EMIT_LOC_STRINGS = YES;
				SWIFT_VERSION = 6.0;
				TARGETED_DEVICE_FAMILY = "1,2";
			};
			name = Release;
		};
		AB17FAE62CB982A600D081EB /* Debug */ = {
			isa = XCBuildConfiguration;
			buildSettings = {
				ALWAYS_SEARCH_USER_PATHS = NO;
				ASSETCATALOG_COMPILER_GENERATE_SWIFT_ASSET_SYMBOL_EXTENSIONS = YES;
				CLANG_ANALYZER_NONNULL = YES;
				CLANG_ANALYZER_NUMBER_OBJECT_CONVERSION = YES_AGGRESSIVE;
				CLANG_CXX_LANGUAGE_STANDARD = "gnu++20";
				CLANG_ENABLE_MODULES = YES;
				CLANG_ENABLE_OBJC_ARC = YES;
				CLANG_ENABLE_OBJC_WEAK = YES;
				CLANG_WARN_BLOCK_CAPTURE_AUTORELEASING = YES;
				CLANG_WARN_BOOL_CONVERSION = YES;
				CLANG_WARN_COMMA = YES;
				CLANG_WARN_CONSTANT_CONVERSION = YES;
				CLANG_WARN_DEPRECATED_OBJC_IMPLEMENTATIONS = YES;
				CLANG_WARN_DIRECT_OBJC_ISA_USAGE = YES_ERROR;
				CLANG_WARN_DOCUMENTATION_COMMENTS = YES;
				CLANG_WARN_EMPTY_BODY = YES;
				CLANG_WARN_ENUM_CONVERSION = YES;
				CLANG_WARN_INFINITE_RECURSION = YES;
				CLANG_WARN_INT_CONVERSION = YES;
				CLANG_WARN_NON_LITERAL_NULL_CONVERSION = YES;
				CLANG_WARN_OBJC_IMPLICIT_RETAIN_SELF = YES;
				CLANG_WARN_OBJC_LITERAL_CONVERSION = YES;
				CLANG_WARN_OBJC_ROOT_CLASS = YES_ERROR;
				CLANG_WARN_QUOTED_INCLUDE_IN_FRAMEWORK_HEADER = YES;
				CLANG_WARN_RANGE_LOOP_ANALYSIS = YES;
				CLANG_WARN_STRICT_PROTOTYPES = YES;
				CLANG_WARN_SUSPICIOUS_MOVE = YES;
				CLANG_WARN_UNGUARDED_AVAILABILITY = YES_AGGRESSIVE;
				CLANG_WARN_UNREACHABLE_CODE = YES;
				CLANG_WARN__DUPLICATE_METHOD_MATCH = YES;
				COPY_PHASE_STRIP = NO;
				DEBUG_INFORMATION_FORMAT = dwarf;
				ENABLE_STRICT_OBJC_MSGSEND = YES;
				ENABLE_TESTABILITY = YES;
				ENABLE_USER_SCRIPT_SANDBOXING = YES;
				GCC_C_LANGUAGE_STANDARD = gnu17;
				GCC_DYNAMIC_NO_PIC = NO;
				GCC_NO_COMMON_BLOCKS = YES;
				GCC_OPTIMIZATION_LEVEL = 0;
				GCC_PREPROCESSOR_DEFINITIONS = (
					"DEBUG=1",
					"$(inherited)",
				);
				GCC_WARN_64_TO_32_BIT_CONVERSION = YES;
				GCC_WARN_ABOUT_RETURN_TYPE = YES_ERROR;
				GCC_WARN_UNDECLARED_SELECTOR = YES;
				GCC_WARN_UNINITIALIZED_AUTOS = YES_AGGRESSIVE;
				GCC_WARN_UNUSED_FUNCTION = YES;
				GCC_WARN_UNUSED_VARIABLE = YES;
				IPHONEOS_DEPLOYMENT_TARGET = 18.0;
				LOCALIZATION_PREFERS_STRING_CATALOGS = YES;
				MTL_ENABLE_DEBUG_INFO = INCLUDE_SOURCE;
				MTL_FAST_MATH = YES;
				ONLY_ACTIVE_ARCH = YES;
				SDKROOT = iphoneos;
				SWIFT_ACTIVE_COMPILATION_CONDITIONS = "DEBUG $(inherited)";
				SWIFT_OPTIMIZATION_LEVEL = "-Onone";
				SWIFT_VERSION = 6.0;
			};
			name = Debug;
		};
		AB17FAE72CB982A600D081EB /* Release */ = {
			isa = XCBuildConfiguration;
			buildSettings = {
				ALWAYS_SEARCH_USER_PATHS = NO;
				ASSETCATALOG_COMPILER_GENERATE_SWIFT_ASSET_SYMBOL_EXTENSIONS = YES;
				CLANG_ANALYZER_NONNULL = YES;
				CLANG_ANALYZER_NUMBER_OBJECT_CONVERSION = YES_AGGRESSIVE;
				CLANG_CXX_LANGUAGE_STANDARD = "gnu++20";
				CLANG_ENABLE_MODULES = YES;
				CLANG_ENABLE_OBJC_ARC = YES;
				CLANG_ENABLE_OBJC_WEAK = YES;
				CLANG_WARN_BLOCK_CAPTURE_AUTORELEASING = YES;
				CLANG_WARN_BOOL_CONVERSION = YES;
				CLANG_WARN_COMMA = YES;
				CLANG_WARN_CONSTANT_CONVERSION = YES;
				CLANG_WARN_DEPRECATED_OBJC_IMPLEMENTATIONS = YES;
				CLANG_WARN_DIRECT_OBJC_ISA_USAGE = YES_ERROR;
				CLANG_WARN_DOCUMENTATION_COMMENTS = YES;
				CLANG_WARN_EMPTY_BODY = YES;
				CLANG_WARN_ENUM_CONVERSION = YES;
				CLANG_WARN_INFINITE_RECURSION = YES;
				CLANG_WARN_INT_CONVERSION = YES;
				CLANG_WARN_NON_LITERAL_NULL_CONVERSION = YES;
				CLANG_WARN_OBJC_IMPLICIT_RETAIN_SELF = YES;
				CLANG_WARN_OBJC_LITERAL_CONVERSION = YES;
				CLANG_WARN_OBJC_ROOT_CLASS = YES_ERROR;
				CLANG_WARN_QUOTED_INCLUDE_IN_FRAMEWORK_HEADER = YES;
				CLANG_WARN_RANGE_LOOP_ANALYSIS = YES;
				CLANG_WARN_STRICT_PROTOTYPES = YES;
				CLANG_WARN_SUSPICIOUS_MOVE = YES;
				CLANG_WARN_UNGUARDED_AVAILABILITY = YES_AGGRESSIVE;
				CLANG_WARN_UNREACHABLE_CODE = YES;
				CLANG_WARN__DUPLICATE_METHOD_MATCH = YES;
				COPY_PHASE_STRIP = NO;
				DEBUG_INFORMATION_FORMAT = "dwarf-with-dsym";
				ENABLE_NS_ASSERTIONS = NO;
				ENABLE_STRICT_OBJC_MSGSEND = YES;
				ENABLE_USER_SCRIPT_SANDBOXING = YES;
				GCC_C_LANGUAGE_STANDARD = gnu17;
				GCC_NO_COMMON_BLOCKS = YES;
				GCC_WARN_64_TO_32_BIT_CONVERSION = YES;
				GCC_WARN_ABOUT_RETURN_TYPE = YES_ERROR;
				GCC_WARN_UNDECLARED_SELECTOR = YES;
				GCC_WARN_UNINITIALIZED_AUTOS = YES_AGGRESSIVE;
				GCC_WARN_UNUSED_FUNCTION = YES;
				GCC_WARN_UNUSED_VARIABLE = YES;
				IPHONEOS_DEPLOYMENT_TARGET = 18.0;
				LOCALIZATION_PREFERS_STRING_CATALOGS = YES;
				MTL_ENABLE_DEBUG_INFO = NO;
				MTL_FAST_MATH = YES;
				SDKROOT = iphoneos;
				SWIFT_COMPILATION_MODE = wholemodule;
				SWIFT_VERSION = 6.0;
				VALIDATE_PRODUCT = YES;
			};
			name = Release;
		};
/* End XCBuildConfiguration section */

/* Begin XCConfigurationList section */
		AB17FACB2CB982A400D081EB /* Build configuration list for PBXProject "TwitterCloneApp" */ = {
			isa = XCConfigurationList;
			buildConfigurations = (
				AB17FAE62CB982A600D081EB /* Debug */,
				AB17FAE72CB982A600D081EB /* Release */,
			);
			defaultConfigurationIsVisible = 0;
			defaultConfigurationName = Release;
		};
		AB17FAE32CB982A600D081EB /* Build configuration list for PBXNativeTarget "TwitterCloneApp" */ = {
			isa = XCConfigurationList;
			buildConfigurations = (
				AB17FAE42CB982A600D081EB /* Debug */,
				AB17FAE52CB982A600D081EB /* Release */,
			);
			defaultConfigurationIsVisible = 0;
			defaultConfigurationName = Release;
		};
/* End XCConfigurationList section */

/* Begin XCRemoteSwiftPackageReference section */
		AB17FAFC2CB9837E00D081EB /* XCRemoteSwiftPackageReference "SDWebImage" */ = {
			isa = XCRemoteSwiftPackageReference;
			repositoryURL = "https://github.com/SDWebImage/SDWebImage";
			requirement = {
				kind = upToNextMajorVersion;
				minimumVersion = 5.19.7;
			};
		};
		AB17FB012CB983C400D081EB /* XCRemoteSwiftPackageReference "firebase-ios-sdk" */ = {
			isa = XCRemoteSwiftPackageReference;
			repositoryURL = "https://github.com/firebase/firebase-ios-sdk";
			requirement = {
				kind = upToNextMajorVersion;
				minimumVersion = 11.3.0;
			};
		};
/* End XCRemoteSwiftPackageReference section */

/* Begin XCSwiftPackageProductDependency section */
		AB17FAFD2CB9837E00D081EB /* SDWebImage */ = {
			isa = XCSwiftPackageProductDependency;
			package = AB17FAFC2CB9837E00D081EB /* XCRemoteSwiftPackageReference "SDWebImage" */;
			productName = SDWebImage;
		};
		AB17FAFF2CB9837E00D081EB /* SDWebImageMapKit */ = {
			isa = XCSwiftPackageProductDependency;
			package = AB17FAFC2CB9837E00D081EB /* XCRemoteSwiftPackageReference "SDWebImage" */;
			productName = SDWebImageMapKit;
		};
		AB17FB022CB983C400D081EB /* FirebaseAuth */ = {
			isa = XCSwiftPackageProductDependency;
			package = AB17FB012CB983C400D081EB /* XCRemoteSwiftPackageReference "firebase-ios-sdk" */;
			productName = FirebaseAuth;
		};
		AB17FB042CB983C400D081EB /* FirebaseAuthCombine-Community */ = {
			isa = XCSwiftPackageProductDependency;
			package = AB17FB012CB983C400D081EB /* XCRemoteSwiftPackageReference "firebase-ios-sdk" */;
			productName = "FirebaseAuthCombine-Community";
		};
		AB17FB062CB983C400D081EB /* FirebaseCore */ = {
			isa = XCSwiftPackageProductDependency;
			package = AB17FB012CB983C400D081EB /* XCRemoteSwiftPackageReference "firebase-ios-sdk" */;
			productName = FirebaseCore;
		};
		AB17FB082CB983C400D081EB /* FirebaseDatabase */ = {
			isa = XCSwiftPackageProductDependency;
			package = AB17FB012CB983C400D081EB /* XCRemoteSwiftPackageReference "firebase-ios-sdk" */;
			productName = FirebaseDatabase;
		};
		AB17FB0A2CB983C400D081EB /* FirebaseFirestore */ = {
			isa = XCSwiftPackageProductDependency;
			package = AB17FB012CB983C400D081EB /* XCRemoteSwiftPackageReference "firebase-ios-sdk" */;
			productName = FirebaseFirestore;
		};
		AB17FB0C2CB983C400D081EB /* FirebaseFirestoreCombine-Community */ = {
			isa = XCSwiftPackageProductDependency;
			package = AB17FB012CB983C400D081EB /* XCRemoteSwiftPackageReference "firebase-ios-sdk" */;
			productName = "FirebaseFirestoreCombine-Community";
		};
		AB17FB0E2CB983C400D081EB /* FirebaseFunctions */ = {
			isa = XCSwiftPackageProductDependency;
			package = AB17FB012CB983C400D081EB /* XCRemoteSwiftPackageReference "firebase-ios-sdk" */;
			productName = FirebaseFunctions;
		};
		AB17FB102CB983C400D081EB /* FirebaseFunctionsCombine-Community */ = {
			isa = XCSwiftPackageProductDependency;
			package = AB17FB012CB983C400D081EB /* XCRemoteSwiftPackageReference "firebase-ios-sdk" */;
			productName = "FirebaseFunctionsCombine-Community";
		};
		AB17FB122CB983C400D081EB /* FirebaseStorage */ = {
			isa = XCSwiftPackageProductDependency;
			package = AB17FB012CB983C400D081EB /* XCRemoteSwiftPackageReference "firebase-ios-sdk" */;
			productName = FirebaseStorage;
		};
		AB17FB142CB983C400D081EB /* FirebaseStorageCombine-Community */ = {
			isa = XCSwiftPackageProductDependency;
			package = AB17FB012CB983C400D081EB /* XCRemoteSwiftPackageReference "firebase-ios-sdk" */;
			productName = "FirebaseStorageCombine-Community";
		};
/* End XCSwiftPackageProductDependency section */
	};
	rootObject = AB17FAC82CB982A400D081EB /* Project object */;
}
