// !$*UTF8*$!
{
	archiveVersion = 1;
	classes = {
	};
	objectVersion = 77;
	objects = {

/* Begin PBXBuildFile section */
		AB145A542D6747D200F6B89E /* StartingButton.swift in Sources */ = {isa = PBXBuildFile; fileRef = AB145A532D6747D200F6B89E /* StartingButton.swift */; };
		AB17FAFE2CB9837E00D081EB /* SDWebImage in Frameworks */ = {isa = PBXBuildFile; productRef = AB17FAFD2CB9837E00D081EB /* SDWebImage */; };
		AB17FB002CB9837E00D081EB /* SDWebImageMapKit in Frameworks */ = {isa = PBXBuildFile; productRef = AB17FAFF2CB9837E00D081EB /* SDWebImageMapKit */; };
		AB17FB032CB983C400D081EB /* FirebaseAuth in Frameworks */ = {isa = PBXBuildFile; productRef = AB17FB022CB983C400D081EB /* FirebaseAuth */; };
		AB17FB052CB983C400D081EB /* FirebaseAuthCombine-Community in Frameworks */ = {isa = PBXBuildFile; productRef = AB17FB042CB983C400D081EB /* FirebaseAuthCombine-Community */; };
		AB17FB072CB983C400D081EB /* FirebaseCore in Frameworks */ = {isa = PBXBuildFile; productRef = AB17FB062CB983C400D081EB /* FirebaseCore */; };
		AB17FB092CB983C400D081EB /* FirebaseDatabase in Frameworks */ = {isa = PBXBuildFile; productRef = AB17FB082CB983C400D081EB /* FirebaseDatabase */; };
		AB17FB0B2CB983C400D081EB /* FirebaseFirestore in Frameworks */ = {isa = PBXBuildFile; productRef = AB17FB0A2CB983C400D081EB /* FirebaseFirestore */; };
		AB17FB0D2CB983C400D081EB /* FirebaseFirestoreCombine-Community in Frameworks */ = {isa = PBXBuildFile; productRef = AB17FB0C2CB983C400D081EB /* FirebaseFirestoreCombine-Community */; };
		AB17FB0F2CB983C400D081EB /* FirebaseFunctions in Frameworks */ = {isa = PBXBuildFile; productRef = AB17FB0E2CB983C400D081EB /* FirebaseFunctions */; };
		AB17FB112CB983C400D081EB /* FirebaseFunctionsCombine-Community in Frameworks */ = {isa = PBXBuildFile; productRef = AB17FB102CB983C400D081EB /* FirebaseFunctionsCombine-Community */; };
		AB17FB132CB983C400D081EB /* FirebaseStorage in Frameworks */ = {isa = PBXBuildFile; productRef = AB17FB122CB983C400D081EB /* FirebaseStorage */; };
		AB17FB152CB983C400D081EB /* FirebaseStorageCombine-Community in Frameworks */ = {isa = PBXBuildFile; productRef = AB17FB142CB983C400D081EB /* FirebaseStorageCombine-Community */; };
		AB43D2342D5A0690003D39E3 /* Assets.xcassets in Resources */ = {isa = PBXBuildFile; fileRef = AB43D2212D5A0690003D39E3 /* Assets.xcassets */; };
		AB43D2352D5A0690003D39E3 /* LaunchScreen.storyboard in Resources */ = {isa = PBXBuildFile; fileRef = AB43D2242D5A0690003D39E3 /* LaunchScreen.storyboard */; };
		AB43D2362D5A0690003D39E3 /* GoogleService-Info.plist in Resources */ = {isa = PBXBuildFile; fileRef = AB43D2322D5A0690003D39E3 /* GoogleService-Info.plist */; };
		AB43D2382D5A0690003D39E3 /* DirectViewController.swift in Sources */ = {isa = PBXBuildFile; fileRef = AB43D20A2D5A0690003D39E3 /* DirectViewController.swift */; };
		AB43D2392D5A0690003D39E3 /* HomeViewController.swift in Sources */ = {isa = PBXBuildFile; fileRef = AB43D20B2D5A0690003D39E3 /* HomeViewController.swift */; };
		AB43D23A2D5A0690003D39E3 /* MainTabViewController.swift in Sources */ = {isa = PBXBuildFile; fileRef = AB43D20C2D5A0690003D39E3 /* MainTabViewController.swift */; };
		AB43D23B2D5A0690003D39E3 /* NotificationViewController.swift in Sources */ = {isa = PBXBuildFile; fileRef = AB43D20D2D5A0690003D39E3 /* NotificationViewController.swift */; };
		AB43D23C2D5A0690003D39E3 /* SearchViewController.swift in Sources */ = {isa = PBXBuildFile; fileRef = AB43D20E2D5A0690003D39E3 /* SearchViewController.swift */; };
		AB43D23D2D5A0690003D39E3 /* LogInViewController.swift in Sources */ = {isa = PBXBuildFile; fileRef = AB43D2102D5A0690003D39E3 /* LogInViewController.swift */; };
		AB43D23E2D5A0690003D39E3 /* SignUpViewController.swift in Sources */ = {isa = PBXBuildFile; fileRef = AB43D2112D5A0690003D39E3 /* SignUpViewController.swift */; };
		AB43D23F2D5A0690003D39E3 /* WelcomeViewController.swift in Sources */ = {isa = PBXBuildFile; fileRef = AB43D2122D5A0690003D39E3 /* WelcomeViewController.swift */; };
		AB43D2402D5A0690003D39E3 /* ProfileDataFormViewController.swift in Sources */ = {isa = PBXBuildFile; fileRef = AB43D2142D5A0690003D39E3 /* ProfileDataFormViewController.swift */; };
		AB43D2412D5A0690003D39E3 /* ProfileViewController.swift in Sources */ = {isa = PBXBuildFile; fileRef = AB43D2152D5A0690003D39E3 /* ProfileViewController.swift */; };
		AB43D2422D5A0690003D39E3 /* SearchResultViewController.swift in Sources */ = {isa = PBXBuildFile; fileRef = AB43D2162D5A0690003D39E3 /* SearchResultViewController.swift */; };
		AB43D2432D5A0690003D39E3 /* TweetComposeViewController.swift in Sources */ = {isa = PBXBuildFile; fileRef = AB43D2172D5A0690003D39E3 /* TweetComposeViewController.swift */; };
		AB43D2442D5A0690003D39E3 /* TweetModel.swift in Sources */ = {isa = PBXBuildFile; fileRef = AB43D2192D5A0690003D39E3 /* TweetModel.swift */; };
		AB43D2452D5A0690003D39E3 /* UserModel.swift in Sources */ = {isa = PBXBuildFile; fileRef = AB43D21A2D5A0690003D39E3 /* UserModel.swift */; };
		AB43D2462D5A0690003D39E3 /* AuthManager.swift in Sources */ = {isa = PBXBuildFile; fileRef = AB43D21C2D5A0690003D39E3 /* AuthManager.swift */; };
		AB43D2472D5A0690003D39E3 /* DatabaseManager.swift in Sources */ = {isa = PBXBuildFile; fileRef = AB43D21D2D5A0690003D39E3 /* DatabaseManager.swift */; };
		AB43D2482D5A0690003D39E3 /* StorageManager.swift in Sources */ = {isa = PBXBuildFile; fileRef = AB43D21E2D5A0690003D39E3 /* StorageManager.swift */; };
		AB43D2492D5A0690003D39E3 /* AppDelegate.swift in Sources */ = {isa = PBXBuildFile; fileRef = AB43D2202D5A0690003D39E3 /* AppDelegate.swift */; };
		AB43D24A2D5A0690003D39E3 /* Extensions.swift in Sources */ = {isa = PBXBuildFile; fileRef = AB43D2222D5A0690003D39E3 /* Extensions.swift */; };
		AB43D24B2D5A0690003D39E3 /* SceneDelegate.swift in Sources */ = {isa = PBXBuildFile; fileRef = AB43D2252D5A0690003D39E3 /* SceneDelegate.swift */; };
		AB43D24C2D5A0690003D39E3 /* AuthViewModel.swift in Sources */ = {isa = PBXBuildFile; fileRef = AB43D2272D5A0690003D39E3 /* AuthViewModel.swift */; };
		AB43D24D2D5A0690003D39E3 /* HomeViewModel.swift in Sources */ = {isa = PBXBuildFile; fileRef = AB43D2282D5A0690003D39E3 /* HomeViewModel.swift */; };
		AB43D24E2D5A0690003D39E3 /* ProfileDataFormViewModel.swift in Sources */ = {isa = PBXBuildFile; fileRef = AB43D2292D5A0690003D39E3 /* ProfileDataFormViewModel.swift */; };
		AB43D24F2D5A0690003D39E3 /* ProfileViewModel.swift in Sources */ = {isa = PBXBuildFile; fileRef = AB43D22A2D5A0690003D39E3 /* ProfileViewModel.swift */; };
		AB43D2502D5A0690003D39E3 /* SearchViewModel.swift in Sources */ = {isa = PBXBuildFile; fileRef = AB43D22B2D5A0690003D39E3 /* SearchViewModel.swift */; };
		AB43D2512D5A0690003D39E3 /* TweetComposeViewModel.swift in Sources */ = {isa = PBXBuildFile; fileRef = AB43D22C2D5A0690003D39E3 /* TweetComposeViewModel.swift */; };
		AB43D2522D5A0690003D39E3 /* ProfileHeaderTableView.swift in Sources */ = {isa = PBXBuildFile; fileRef = AB43D22E2D5A0690003D39E3 /* ProfileHeaderTableView.swift */; };
		AB43D2532D5A0690003D39E3 /* SearchUserTableViewCell.swift in Sources */ = {isa = PBXBuildFile; fileRef = AB43D22F2D5A0690003D39E3 /* SearchUserTableViewCell.swift */; };
		AB43D2542D5A0690003D39E3 /* TweetTableViewCell.swift in Sources */ = {isa = PBXBuildFile; fileRef = AB43D2302D5A0690003D39E3 /* TweetTableViewCell.swift */; };
/* End PBXBuildFile section */

/* Begin PBXFileReference section */
		AB145A532D6747D200F6B89E /* StartingButton.swift */ = {isa = PBXFileReference; lastKnownFileType = sourcecode.swift; path = StartingButton.swift; sourceTree = "<group>"; };
		AB43D20A2D5A0690003D39E3 /* DirectViewController.swift */ = {isa = PBXFileReference; lastKnownFileType = sourcecode.swift; path = DirectViewController.swift; sourceTree = "<group>"; };
		AB43D20B2D5A0690003D39E3 /* HomeViewController.swift */ = {isa = PBXFileReference; lastKnownFileType = sourcecode.swift; path = HomeViewController.swift; sourceTree = "<group>"; };
		AB43D20C2D5A0690003D39E3 /* MainTabViewController.swift */ = {isa = PBXFileReference; lastKnownFileType = sourcecode.swift; path = MainTabViewController.swift; sourceTree = "<group>"; };
		AB43D20D2D5A0690003D39E3 /* NotificationViewController.swift */ = {isa = PBXFileReference; lastKnownFileType = sourcecode.swift; path = NotificationViewController.swift; sourceTree = "<group>"; };
		AB43D20E2D5A0690003D39E3 /* SearchViewController.swift */ = {isa = PBXFileReference; lastKnownFileType = sourcecode.swift; path = SearchViewController.swift; sourceTree = "<group>"; };
		AB43D2102D5A0690003D39E3 /* LogInViewController.swift */ = {isa = PBXFileReference; lastKnownFileType = sourcecode.swift; path = LogInViewController.swift; sourceTree = "<group>"; };
		AB43D2112D5A0690003D39E3 /* SignUpViewController.swift */ = {isa = PBXFileReference; lastKnownFileType = sourcecode.swift; path = SignUpViewController.swift; sourceTree = "<group>"; };
		AB43D2122D5A0690003D39E3 /* WelcomeViewController.swift */ = {isa = PBXFileReference; lastKnownFileType = sourcecode.swift; path = WelcomeViewController.swift; sourceTree = "<group>"; };
		AB43D2142D5A0690003D39E3 /* ProfileDataFormViewController.swift */ = {isa = PBXFileReference; lastKnownFileType = sourcecode.swift; path = ProfileDataFormViewController.swift; sourceTree = "<group>"; };
		AB43D2152D5A0690003D39E3 /* ProfileViewController.swift */ = {isa = PBXFileReference; lastKnownFileType = sourcecode.swift; path = ProfileViewController.swift; sourceTree = "<group>"; };
		AB43D2162D5A0690003D39E3 /* SearchResultViewController.swift */ = {isa = PBXFileReference; lastKnownFileType = sourcecode.swift; path = SearchResultViewController.swift; sourceTree = "<group>"; };
		AB43D2172D5A0690003D39E3 /* TweetComposeViewController.swift */ = {isa = PBXFileReference; lastKnownFileType = sourcecode.swift; path = TweetComposeViewController.swift; sourceTree = "<group>"; };
		AB43D2192D5A0690003D39E3 /* TweetModel.swift */ = {isa = PBXFileReference; lastKnownFileType = sourcecode.swift; path = TweetModel.swift; sourceTree = "<group>"; };
		AB43D21A2D5A0690003D39E3 /* UserModel.swift */ = {isa = PBXFileReference; lastKnownFileType = sourcecode.swift; path = UserModel.swift; sourceTree = "<group>"; };
		AB43D21C2D5A0690003D39E3 /* AuthManager.swift */ = {isa = PBXFileReference; lastKnownFileType = sourcecode.swift; path = AuthManager.swift; sourceTree = "<group>"; };
		AB43D21D2D5A0690003D39E3 /* DatabaseManager.swift */ = {isa = PBXFileReference; lastKnownFileType = sourcecode.swift; path = DatabaseManager.swift; sourceTree = "<group>"; };
		AB43D21E2D5A0690003D39E3 /* StorageManager.swift */ = {isa = PBXFileReference; lastKnownFileType = sourcecode.swift; path = StorageManager.swift; sourceTree = "<group>"; };
		AB43D2202D5A0690003D39E3 /* AppDelegate.swift */ = {isa = PBXFileReference; lastKnownFileType = sourcecode.swift; path = AppDelegate.swift; sourceTree = "<group>"; };
		AB43D2212D5A0690003D39E3 /* Assets.xcassets */ = {isa = PBXFileReference; lastKnownFileType = folder.assetcatalog; path = Assets.xcassets; sourceTree = "<group>"; };
		AB43D2222D5A0690003D39E3 /* Extensions.swift */ = {isa = PBXFileReference; lastKnownFileType = sourcecode.swift; path = Extensions.swift; sourceTree = "<group>"; };
		AB43D2232D5A0690003D39E3 /* Base */ = {isa = PBXFileReference; lastKnownFileType = file.storyboard; name = Base; path = Base.lproj/LaunchScreen.storyboard; sourceTree = "<group>"; };
		AB43D2252D5A0690003D39E3 /* SceneDelegate.swift */ = {isa = PBXFileReference; lastKnownFileType = sourcecode.swift; path = SceneDelegate.swift; sourceTree = "<group>"; };
		AB43D2272D5A0690003D39E3 /* AuthViewModel.swift */ = {isa = PBXFileReference; lastKnownFileType = sourcecode.swift; path = AuthViewModel.swift; sourceTree = "<group>"; };
		AB43D2282D5A0690003D39E3 /* HomeViewModel.swift */ = {isa = PBXFileReference; lastKnownFileType = sourcecode.swift; path = HomeViewModel.swift; sourceTree = "<group>"; };
		AB43D2292D5A0690003D39E3 /* ProfileDataFormViewModel.swift */ = {isa = PBXFileReference; lastKnownFileType = sourcecode.swift; path = ProfileDataFormViewModel.swift; sourceTree = "<group>"; };
		AB43D22A2D5A0690003D39E3 /* ProfileViewModel.swift */ = {isa = PBXFileReference; lastKnownFileType = sourcecode.swift; path = ProfileViewModel.swift; sourceTree = "<group>"; };
		AB43D22B2D5A0690003D39E3 /* SearchViewModel.swift */ = {isa = PBXFileReference; lastKnownFileType = sourcecode.swift; path = SearchViewModel.swift; sourceTree = "<group>"; };
		AB43D22C2D5A0690003D39E3 /* TweetComposeViewModel.swift */ = {isa = PBXFileReference; lastKnownFileType = sourcecode.swift; path = TweetComposeViewModel.swift; sourceTree = "<group>"; };
		AB43D22E2D5A0690003D39E3 /* ProfileHeaderTableView.swift */ = {isa = PBXFileReference; lastKnownFileType = sourcecode.swift; path = ProfileHeaderTableView.swift; sourceTree = "<group>"; };
		AB43D22F2D5A0690003D39E3 /* SearchUserTableViewCell.swift */ = {isa = PBXFileReference; lastKnownFileType = sourcecode.swift; path = SearchUserTableViewCell.swift; sourceTree = "<group>"; };
		AB43D2302D5A0690003D39E3 /* TweetTableViewCell.swift */ = {isa = PBXFileReference; lastKnownFileType = sourcecode.swift; path = TweetTableViewCell.swift; sourceTree = "<group>"; };
		AB43D2322D5A0690003D39E3 /* GoogleService-Info.plist */ = {isa = PBXFileReference; lastKnownFileType = text.plist.xml; path = "GoogleService-Info.plist"; sourceTree = "<group>"; };
		AB43D2332D5A0690003D39E3 /* Info.plist */ = {isa = PBXFileReference; lastKnownFileType = text.plist.xml; path = Info.plist; sourceTree = "<group>"; };
		AB71BA532D63968000052704 /* TwitterCloneApp.app */ = {isa = PBXFileReference; explicitFileType = wrapper.application; includeInIndex = 0; path = TwitterCloneApp.app; sourceTree = BUILT_PRODUCTS_DIR; };
/* End PBXFileReference section */

/* Begin PBXFrameworksBuildPhase section */
		AB17FACD2CB982A400D081EB /* Frameworks */ = {
			isa = PBXFrameworksBuildPhase;
			buildActionMask = 2147483647;
			files = (
				AB17FB092CB983C400D081EB /* FirebaseDatabase in Frameworks */,
				AB17FB0D2CB983C400D081EB /* FirebaseFirestoreCombine-Community in Frameworks */,
				AB17FB002CB9837E00D081EB /* SDWebImageMapKit in Frameworks */,
				AB17FB112CB983C400D081EB /* FirebaseFunctionsCombine-Community in Frameworks */,
				AB17FB0F2CB983C400D081EB /* FirebaseFunctions in Frameworks */,
				AB17FB072CB983C400D081EB /* FirebaseCore in Frameworks */,
				AB17FB032CB983C400D081EB /* FirebaseAuth in Frameworks */,
				AB17FAFE2CB9837E00D081EB /* SDWebImage in Frameworks */,
				AB17FB132CB983C400D081EB /* FirebaseStorage in Frameworks */,
				AB17FB052CB983C400D081EB /* FirebaseAuthCombine-Community in Frameworks */,
				AB17FB152CB983C400D081EB /* FirebaseStorageCombine-Community in Frameworks */,
				AB17FB0B2CB983C400D081EB /* FirebaseFirestore in Frameworks */,
			);
			runOnlyForDeploymentPostprocessing = 0;
		};
/* End PBXFrameworksBuildPhase section */

/* Begin PBXGroup section */
		AB17FAC72CB982A400D081EB = {
			isa = PBXGroup;
			children = (
				AB43D2622D5A09AD003D39E3 /* TwitterCloneApp */,
				AB71BA532D63968000052704 /* TwitterCloneApp.app */,
			);
			sourceTree = "<group>";
		};
		AB43D2562D5A06E1003D39E3 /* Controllers */ = {
			isa = PBXGroup;
			children = (
				AB43D2582D5A0702003D39E3 /* Starting */,
				AB43D2572D5A06F9003D39E3 /* Core */,
				AB43D2142D5A0690003D39E3 /* ProfileDataFormViewController.swift */,
				AB43D2152D5A0690003D39E3 /* ProfileViewController.swift */,
				AB43D2162D5A0690003D39E3 /* SearchResultViewController.swift */,
				AB43D2172D5A0690003D39E3 /* TweetComposeViewController.swift */,
			);
			path = Controllers;
			sourceTree = "<group>";
		};
		AB43D2572D5A06F9003D39E3 /* Core */ = {
			isa = PBXGroup;
			children = (
				AB43D20C2D5A0690003D39E3 /* MainTabViewController.swift */,
				AB43D20B2D5A0690003D39E3 /* HomeViewController.swift */,
				AB43D20E2D5A0690003D39E3 /* SearchViewController.swift */,
				AB43D20A2D5A0690003D39E3 /* DirectViewController.swift */,
				AB43D20D2D5A0690003D39E3 /* NotificationViewController.swift */,
			);
			path = Core;
			sourceTree = "<group>";
		};
		AB43D2582D5A0702003D39E3 /* Starting */ = {
			isa = PBXGroup;
			children = (
				AB43D2102D5A0690003D39E3 /* LogInViewController.swift */,
				AB43D2112D5A0690003D39E3 /* SignUpViewController.swift */,
				AB43D2122D5A0690003D39E3 /* WelcomeViewController.swift */,
			);
			path = Starting;
			sourceTree = "<group>";
		};
		AB43D2592D5A0715003D39E3 /* Networking */ = {
			isa = PBXGroup;
			children = (
				AB43D21C2D5A0690003D39E3 /* AuthManager.swift */,
				AB43D21D2D5A0690003D39E3 /* DatabaseManager.swift */,
				AB43D21E2D5A0690003D39E3 /* StorageManager.swift */,
			);
			path = Networking;
			sourceTree = "<group>";
		};
		AB43D25B2D5A0715003D39E3 /* Models */ = {
			isa = PBXGroup;
			children = (
				AB43D21A2D5A0690003D39E3 /* UserModel.swift */,
				AB43D2192D5A0690003D39E3 /* TweetModel.swift */,
			);
			path = Models;
			sourceTree = "<group>";
		};
		AB43D25C2D5A074E003D39E3 /* Resources */ = {
			isa = PBXGroup;
			children = (
				AB43D2202D5A0690003D39E3 /* AppDelegate.swift */,
				AB43D2212D5A0690003D39E3 /* Assets.xcassets */,
				AB43D2242D5A0690003D39E3 /* LaunchScreen.storyboard */,
				AB43D2252D5A0690003D39E3 /* SceneDelegate.swift */,
			);
			path = Resources;
			sourceTree = "<group>";
		};
		AB43D25D2D5A07DD003D39E3 /* ViewModels */ = {
			isa = PBXGroup;
			children = (
				AB43D2272D5A0690003D39E3 /* AuthViewModel.swift */,
				AB43D2282D5A0690003D39E3 /* HomeViewModel.swift */,
				AB43D2292D5A0690003D39E3 /* ProfileDataFormViewModel.swift */,
				AB43D22A2D5A0690003D39E3 /* ProfileViewModel.swift */,
				AB43D22B2D5A0690003D39E3 /* SearchViewModel.swift */,
				AB43D22C2D5A0690003D39E3 /* TweetComposeViewModel.swift */,
			);
			path = ViewModels;
			sourceTree = "<group>";
		};
		AB43D25F2D5A07F2003D39E3 /* Views */ = {
			isa = PBXGroup;
			children = (
				AB43D22E2D5A0690003D39E3 /* ProfileHeaderTableView.swift */,
				AB43D22F2D5A0690003D39E3 /* SearchUserTableViewCell.swift */,
				AB43D2302D5A0690003D39E3 /* TweetTableViewCell.swift */,
			);
			path = Views;
			sourceTree = "<group>";
		};
		AB43D2622D5A09AD003D39E3 /* TwitterCloneApp */ = {
			isa = PBXGroup;
			children = (
				AB43D25B2D5A0715003D39E3 /* Models */,
				AB43D25D2D5A07DD003D39E3 /* ViewModels */,
				AB43D25F2D5A07F2003D39E3 /* Views */,
				AB43D2562D5A06E1003D39E3 /* Controllers */,
				AB43D2592D5A0715003D39E3 /* Networking */,
				AB71BA542D63969700052704 /* Subviews */,
				AB43D25C2D5A074E003D39E3 /* Resources */,
				AB43D2322D5A0690003D39E3 /* GoogleService-Info.plist */,
				AB43D2332D5A0690003D39E3 /* Info.plist */,
			);
			path = TwitterCloneApp;
			sourceTree = "<group>";
		};
		AB71BA542D63969700052704 /* Subviews */ = {
			isa = PBXGroup;
			children = (
				AB43D2222D5A0690003D39E3 /* Extensions.swift */,
				AB145A532D6747D200F6B89E /* StartingButton.swift */,
			);
			path = Subviews;
			sourceTree = "<group>";
		};
/* End PBXGroup section */

/* Begin PBXNativeTarget section */
		AB17FACF2CB982A400D081EB /* TwitterCloneApp */ = {
			isa = PBXNativeTarget;
			buildConfigurationList = AB17FAE32CB982A600D081EB /* Build configuration list for PBXNativeTarget "TwitterCloneApp" */;
			buildPhases = (
				AB17FACC2CB982A400D081EB /* Sources */,
				AB17FACD2CB982A400D081EB /* Frameworks */,
				AB17FACE2CB982A400D081EB /* Resources */,
			);
			buildRules = (
			);
			dependencies = (
			);
			name = TwitterCloneApp;
			packageProductDependencies = (
				AB17FAFD2CB9837E00D081EB /* SDWebImage */,
				AB17FAFF2CB9837E00D081EB /* SDWebImageMapKit */,
				AB17FB022CB983C400D081EB /* FirebaseAuth */,
				AB17FB042CB983C400D081EB /* FirebaseAuthCombine-Community */,
				AB17FB062CB983C400D081EB /* FirebaseCore */,
				AB17FB082CB983C400D081EB /* FirebaseDatabase */,
				AB17FB0A2CB983C400D081EB /* FirebaseFirestore */,
				AB17FB0C2CB983C400D081EB /* FirebaseFirestoreCombine-Community */,
				AB17FB0E2CB983C400D081EB /* FirebaseFunctions */,
				AB17FB102CB983C400D081EB /* FirebaseFunctionsCombine-Community */,
				AB17FB122CB983C400D081EB /* FirebaseStorage */,
				AB17FB142CB983C400D081EB /* FirebaseStorageCombine-Community */,
			);
			productName = TwitterCloneApp;
			productReference = AB71BA532D63968000052704 /* TwitterCloneApp.app */;
			productType = "com.apple.product-type.application";
		};
/* End PBXNativeTarget section */

/* Begin PBXProject section */
		AB17FAC82CB982A400D081EB /* Project object */ = {
			isa = PBXProject;
			attributes = {
				BuildIndependentTargetsInParallel = 1;
				LastSwiftUpdateCheck = 1600;
				LastUpgradeCheck = 1610;
				TargetAttributes = {
					AB17FACF2CB982A400D081EB = {
						CreatedOnToolsVersion = 16.0;
					};
				};
			};
			buildConfigurationList = AB17FACB2CB982A400D081EB /* Build configuration list for PBXProject "TwitterCloneApp" */;
			developmentRegion = en;
			hasScannedForEncodings = 0;
			knownRegions = (
				en,
				Base,
			);
			mainGroup = AB17FAC72CB982A400D081EB;
			minimizedProjectReferenceProxies = 1;
			packageReferences = (
				AB17FAFC2CB9837E00D081EB /* XCRemoteSwiftPackageReference "SDWebImage" */,
				AB17FB012CB983C400D081EB /* XCRemoteSwiftPackageReference "firebase-ios-sdk" */,
			);
			preferredProjectObjectVersion = 77;
			productRefGroup = AB17FAC72CB982A400D081EB;
			projectDirPath = "";
			projectRoot = "";
			targets = (
				AB17FACF2CB982A400D081EB /* TwitterCloneApp */,
			);
		};
/* End PBXProject section */

/* Begin PBXResourcesBuildPhase section */
		AB17FACE2CB982A400D081EB /* Resources */ = {
			isa = PBXResourcesBuildPhase;
			buildActionMask = 2147483647;
			files = (
				AB43D2342D5A0690003D39E3 /* Assets.xcassets in Resources */,
				AB43D2352D5A0690003D39E3 /* LaunchScreen.storyboard in Resources */,
				AB43D2362D5A0690003D39E3 /* GoogleService-Info.plist in Resources */,
			);
			runOnlyForDeploymentPostprocessing = 0;
		};
/* End PBXResourcesBuildPhase section */

/* Begin PBXSourcesBuildPhase section */
		AB17FACC2CB982A400D081EB /* Sources */ = {
			isa = PBXSourcesBuildPhase;
			buildActionMask = 2147483647;
			files = (
				AB43D2382D5A0690003D39E3 /* DirectViewController.swift in Sources */,
				AB43D2392D5A0690003D39E3 /* HomeViewController.swift in Sources */,
				AB43D23A2D5A0690003D39E3 /* MainTabViewController.swift in Sources */,
				AB43D23B2D5A0690003D39E3 /* NotificationViewController.swift in Sources */,
				AB43D23C2D5A0690003D39E3 /* SearchViewController.swift in Sources */,
				AB43D23D2D5A0690003D39E3 /* LogInViewController.swift in Sources */,
				AB43D23E2D5A0690003D39E3 /* SignUpViewController.swift in Sources */,
				AB43D23F2D5A0690003D39E3 /* WelcomeViewController.swift in Sources */,
				AB43D2402D5A0690003D39E3 /* ProfileDataFormViewController.swift in Sources */,
				AB43D2412D5A0690003D39E3 /* ProfileViewController.swift in Sources */,
				AB43D2422D5A0690003D39E3 /* SearchResultViewController.swift in Sources */,
				AB43D2432D5A0690003D39E3 /* TweetComposeViewController.swift in Sources */,
				AB43D2442D5A0690003D39E3 /* TweetModel.swift in Sources */,
				AB43D2452D5A0690003D39E3 /* UserModel.swift in Sources */,
				AB43D2462D5A0690003D39E3 /* AuthManager.swift in Sources */,
				AB43D2472D5A0690003D39E3 /* DatabaseManager.swift in Sources */,
				AB43D2482D5A0690003D39E3 /* StorageManager.swift in Sources */,
				AB43D2492D5A0690003D39E3 /* AppDelegate.swift in Sources */,
				AB43D24A2D5A0690003D39E3 /* Extensions.swift in Sources */,
				AB43D24B2D5A0690003D39E3 /* SceneDelegate.swift in Sources */,
				AB43D24C2D5A0690003D39E3 /* AuthViewModel.swift in Sources */,
				AB43D24D2D5A0690003D39E3 /* HomeViewModel.swift in Sources */,
				AB43D24E2D5A0690003D39E3 /* ProfileDataFormViewModel.swift in Sources */,
				AB43D24F2D5A0690003D39E3 /* ProfileViewModel.swift in Sources */,
				AB43D2502D5A0690003D39E3 /* SearchViewModel.swift in Sources */,
				AB43D2512D5A0690003D39E3 /* TweetComposeViewModel.swift in Sources */,
				AB145A542D6747D200F6B89E /* StartingButton.swift in Sources */,
				AB43D2522D5A0690003D39E3 /* ProfileHeaderTableView.swift in Sources */,
				AB43D2532D5A0690003D39E3 /* SearchUserTableViewCell.swift in Sources */,
				AB43D2542D5A0690003D39E3 /* TweetTableViewCell.swift in Sources */,
			);
			runOnlyForDeploymentPostprocessing = 0;
		};
/* End PBXSourcesBuildPhase section */

/* Begin PBXVariantGroup section */
		AB43D2242D5A0690003D39E3 /* LaunchScreen.storyboard */ = {
			isa = PBXVariantGroup;
			children = (
				AB43D2232D5A0690003D39E3 /* Base */,
			);
			name = LaunchScreen.storyboard;
			sourceTree = "<group>";
		};
/* End PBXVariantGroup section */

/* Begin XCBuildConfiguration section */
		AB17FAE42CB982A600D081EB /* Debug */ = {
			isa = XCBuildConfiguration;
			buildSettings = {
				ASSETCATALOG_COMPILER_APPICON_NAME = AppIcon;
				ASSETCATALOG_COMPILER_GLOBAL_ACCENT_COLOR_NAME = AccentColor;
				CODE_SIGN_STYLE = Automatic;
				CURRENT_PROJECT_VERSION = 1;
				DEVELOPMENT_TEAM = 7AVWTU2KYN;
				GENERATE_INFOPLIST_FILE = YES;
				INFOPLIST_FILE = TwitterCloneApp/Info.plist;
				INFOPLIST_KEY_LSApplicationCategoryType = "public.app-category.social-networking";
				INFOPLIST_KEY_MetalCaptureEnabled = NO;
				INFOPLIST_KEY_UIApplicationSupportsIndirectInputEvents = YES;
				INFOPLIST_KEY_UILaunchStoryboardName = LaunchScreen;
				INFOPLIST_KEY_UISupportedInterfaceOrientations = UIInterfaceOrientationPortrait;
				INFOPLIST_KEY_UISupportedInterfaceOrientations_iPad = "UIInterfaceOrientationLandscapeLeft UIInterfaceOrientationLandscapeRight UIInterfaceOrientationPortrait UIInterfaceOrientationPortraitUpsideDown";
				IPHONEOS_DEPLOYMENT_TARGET = 15.6;
				LD_RUNPATH_SEARCH_PATHS = (
					"$(inherited)",
					"@executable_path/Frameworks",
				);
				MARKETING_VERSION = 1.0;
				PRODUCT_BUNDLE_IDENTIFIER = com.qq.TwitterCloneApp;
				PRODUCT_NAME = "$(TARGET_NAME)";
				SUPPORTED_PLATFORMS = "iphoneos iphonesimulator";
				SUPPORTS_MACCATALYST = NO;
				SUPPORTS_MAC_DESIGNED_FOR_IPHONE_IPAD = NO;
				SUPPORTS_XR_DESIGNED_FOR_IPHONE_IPAD = NO;
				SWIFT_EMIT_LOC_STRINGS = YES;
				SWIFT_VERSION = 6.0;
				TARGETED_DEVICE_FAMILY = 1;
			};
			name = Debug;
		};
		AB17FAE52CB982A600D081EB /* Release */ = {
			isa = XCBuildConfiguration;
			buildSettings = {
				ASSETCATALOG_COMPILER_APPICON_NAME = AppIcon;
				ASSETCATALOG_COMPILER_GLOBAL_ACCENT_COLOR_NAME = AccentColor;
				CODE_SIGN_STYLE = Automatic;
				CURRENT_PROJECT_VERSION = 1;
				DEVELOPMENT_TEAM = 7AVWTU2KYN;
				GENERATE_INFOPLIST_FILE = YES;
				INFOPLIST_FILE = TwitterCloneApp/Info.plist;
				INFOPLIST_KEY_LSApplicationCategoryType = "public.app-category.social-networking";
				INFOPLIST_KEY_MetalCaptureEnabled = NO;
				INFOPLIST_KEY_UIApplicationSupportsIndirectInputEvents = YES;
				INFOPLIST_KEY_UILaunchStoryboardName = LaunchScreen;
				INFOPLIST_KEY_UISupportedInterfaceOrientations = UIInterfaceOrientationPortrait;
				INFOPLIST_KEY_UISupportedInterfaceOrientations_iPad = "UIInterfaceOrientationLandscapeLeft UIInterfaceOrientationLandscapeRight UIInterfaceOrientationPortrait UIInterfaceOrientationPortraitUpsideDown";
				IPHONEOS_DEPLOYMENT_TARGET = 15.6;
				LD_RUNPATH_SEARCH_PATHS = (
					"$(inherited)",
					"@executable_path/Frameworks",
				);
				MARKETING_VERSION = 1.0;
				PRODUCT_BUNDLE_IDENTIFIER = com.qq.TwitterCloneApp;
				PRODUCT_NAME = "$(TARGET_NAME)";
				SUPPORTED_PLATFORMS = "iphoneos iphonesimulator";
				SUPPORTS_MACCATALYST = NO;
				SUPPORTS_MAC_DESIGNED_FOR_IPHONE_IPAD = NO;
				SUPPORTS_XR_DESIGNED_FOR_IPHONE_IPAD = NO;
				SWIFT_EMIT_LOC_STRINGS = YES;
				SWIFT_VERSION = 6.0;
				TARGETED_DEVICE_FAMILY = 1;
			};
			name = Release;
		};
		AB17FAE62CB982A600D081EB /* Debug */ = {
			isa = XCBuildConfiguration;
			buildSettings = {
				ALWAYS_SEARCH_USER_PATHS = NO;
				ASSETCATALOG_COMPILER_GENERATE_SWIFT_ASSET_SYMBOL_EXTENSIONS = YES;
				CLANG_ANALYZER_NONNULL = YES;
				CLANG_ANALYZER_NUMBER_OBJECT_CONVERSION = YES_AGGRESSIVE;
				CLANG_CXX_LANGUAGE_STANDARD = "gnu++20";
				CLANG_ENABLE_MODULES = YES;
				CLANG_ENABLE_OBJC_ARC = YES;
				CLANG_ENABLE_OBJC_WEAK = YES;
				CLANG_WARN_BLOCK_CAPTURE_AUTORELEASING = YES;
				CLANG_WARN_BOOL_CONVERSION = YES;
				CLANG_WARN_COMMA = YES;
				CLANG_WARN_CONSTANT_CONVERSION = YES;
				CLANG_WARN_DEPRECATED_OBJC_IMPLEMENTATIONS = YES;
				CLANG_WARN_DIRECT_OBJC_ISA_USAGE = YES_ERROR;
				CLANG_WARN_DOCUMENTATION_COMMENTS = YES;
				CLANG_WARN_EMPTY_BODY = YES;
				CLANG_WARN_ENUM_CONVERSION = YES;
				CLANG_WARN_INFINITE_RECURSION = YES;
				CLANG_WARN_INT_CONVERSION = YES;
				CLANG_WARN_NON_LITERAL_NULL_CONVERSION = YES;
				CLANG_WARN_OBJC_IMPLICIT_RETAIN_SELF = YES;
				CLANG_WARN_OBJC_LITERAL_CONVERSION = YES;
				CLANG_WARN_OBJC_ROOT_CLASS = YES_ERROR;
				CLANG_WARN_QUOTED_INCLUDE_IN_FRAMEWORK_HEADER = YES;
				CLANG_WARN_RANGE_LOOP_ANALYSIS = YES;
				CLANG_WARN_STRICT_PROTOTYPES = YES;
				CLANG_WARN_SUSPICIOUS_MOVE = YES;
				CLANG_WARN_UNGUARDED_AVAILABILITY = YES_AGGRESSIVE;
				CLANG_WARN_UNREACHABLE_CODE = YES;
				CLANG_WARN__DUPLICATE_METHOD_MATCH = YES;
				COPY_PHASE_STRIP = NO;
				DEBUG_INFORMATION_FORMAT = dwarf;
				ENABLE_STRICT_OBJC_MSGSEND = YES;
				ENABLE_TESTABILITY = YES;
				ENABLE_USER_SCRIPT_SANDBOXING = YES;
				GCC_C_LANGUAGE_STANDARD = gnu17;
				GCC_DYNAMIC_NO_PIC = NO;
				GCC_NO_COMMON_BLOCKS = YES;
				GCC_OPTIMIZATION_LEVEL = 0;
				GCC_PREPROCESSOR_DEFINITIONS = (
					"DEBUG=1",
					"$(inherited)",
				);
				GCC_WARN_64_TO_32_BIT_CONVERSION = YES;
				GCC_WARN_ABOUT_RETURN_TYPE = YES_ERROR;
				GCC_WARN_UNDECLARED_SELECTOR = YES;
				GCC_WARN_UNINITIALIZED_AUTOS = YES_AGGRESSIVE;
				GCC_WARN_UNUSED_FUNCTION = YES;
				GCC_WARN_UNUSED_VARIABLE = YES;
				IPHONEOS_DEPLOYMENT_TARGET = 18.0;
				LOCALIZATION_PREFERS_STRING_CATALOGS = YES;
				MTL_ENABLE_DEBUG_INFO = INCLUDE_SOURCE;
				MTL_FAST_MATH = YES;
				ONLY_ACTIVE_ARCH = YES;
				SDKROOT = iphoneos;
				SWIFT_ACTIVE_COMPILATION_CONDITIONS = "DEBUG $(inherited)";
				SWIFT_OPTIMIZATION_LEVEL = "-Onone";
				SWIFT_VERSION = 6.0;
			};
			name = Debug;
		};
		AB17FAE72CB982A600D081EB /* Release */ = {
			isa = XCBuildConfiguration;
			buildSettings = {
				ALWAYS_SEARCH_USER_PATHS = NO;
				ASSETCATALOG_COMPILER_GENERATE_SWIFT_ASSET_SYMBOL_EXTENSIONS = YES;
				CLANG_ANALYZER_NONNULL = YES;
				CLANG_ANALYZER_NUMBER_OBJECT_CONVERSION = YES_AGGRESSIVE;
				CLANG_CXX_LANGUAGE_STANDARD = "gnu++20";
				CLANG_ENABLE_MODULES = YES;
				CLANG_ENABLE_OBJC_ARC = YES;
				CLANG_ENABLE_OBJC_WEAK = YES;
				CLANG_WARN_BLOCK_CAPTURE_AUTORELEASING = YES;
				CLANG_WARN_BOOL_CONVERSION = YES;
				CLANG_WARN_COMMA = YES;
				CLANG_WARN_CONSTANT_CONVERSION = YES;
				CLANG_WARN_DEPRECATED_OBJC_IMPLEMENTATIONS = YES;
				CLANG_WARN_DIRECT_OBJC_ISA_USAGE = YES_ERROR;
				CLANG_WARN_DOCUMENTATION_COMMENTS = YES;
				CLANG_WARN_EMPTY_BODY = YES;
				CLANG_WARN_ENUM_CONVERSION = YES;
				CLANG_WARN_INFINITE_RECURSION = YES;
				CLANG_WARN_INT_CONVERSION = YES;
				CLANG_WARN_NON_LITERAL_NULL_CONVERSION = YES;
				CLANG_WARN_OBJC_IMPLICIT_RETAIN_SELF = YES;
				CLANG_WARN_OBJC_LITERAL_CONVERSION = YES;
				CLANG_WARN_OBJC_ROOT_CLASS = YES_ERROR;
				CLANG_WARN_QUOTED_INCLUDE_IN_FRAMEWORK_HEADER = YES;
				CLANG_WARN_RANGE_LOOP_ANALYSIS = YES;
				CLANG_WARN_STRICT_PROTOTYPES = YES;
				CLANG_WARN_SUSPICIOUS_MOVE = YES;
				CLANG_WARN_UNGUARDED_AVAILABILITY = YES_AGGRESSIVE;
				CLANG_WARN_UNREACHABLE_CODE = YES;
				CLANG_WARN__DUPLICATE_METHOD_MATCH = YES;
				COPY_PHASE_STRIP = NO;
				DEBUG_INFORMATION_FORMAT = "dwarf-with-dsym";
				ENABLE_NS_ASSERTIONS = NO;
				ENABLE_STRICT_OBJC_MSGSEND = YES;
				ENABLE_USER_SCRIPT_SANDBOXING = YES;
				GCC_C_LANGUAGE_STANDARD = gnu17;
				GCC_NO_COMMON_BLOCKS = YES;
				GCC_WARN_64_TO_32_BIT_CONVERSION = YES;
				GCC_WARN_ABOUT_RETURN_TYPE = YES_ERROR;
				GCC_WARN_UNDECLARED_SELECTOR = YES;
				GCC_WARN_UNINITIALIZED_AUTOS = YES_AGGRESSIVE;
				GCC_WARN_UNUSED_FUNCTION = YES;
				GCC_WARN_UNUSED_VARIABLE = YES;
				IPHONEOS_DEPLOYMENT_TARGET = 18.0;
				LOCALIZATION_PREFERS_STRING_CATALOGS = YES;
				MTL_ENABLE_DEBUG_INFO = NO;
				MTL_FAST_MATH = YES;
				SDKROOT = iphoneos;
				SWIFT_COMPILATION_MODE = wholemodule;
				SWIFT_VERSION = 6.0;
				VALIDATE_PRODUCT = YES;
			};
			name = Release;
		};
/* End XCBuildConfiguration section */

/* Begin XCConfigurationList section */
		AB17FACB2CB982A400D081EB /* Build configuration list for PBXProject "TwitterCloneApp" */ = {
			isa = XCConfigurationList;
			buildConfigurations = (
				AB17FAE62CB982A600D081EB /* Debug */,
				AB17FAE72CB982A600D081EB /* Release */,
			);
			defaultConfigurationIsVisible = 0;
			defaultConfigurationName = Release;
		};
		AB17FAE32CB982A600D081EB /* Build configuration list for PBXNativeTarget "TwitterCloneApp" */ = {
			isa = XCConfigurationList;
			buildConfigurations = (
				AB17FAE42CB982A600D081EB /* Debug */,
				AB17FAE52CB982A600D081EB /* Release */,
			);
			defaultConfigurationIsVisible = 0;
			defaultConfigurationName = Release;
		};
/* End XCConfigurationList section */

/* Begin XCRemoteSwiftPackageReference section */
		AB17FAFC2CB9837E00D081EB /* XCRemoteSwiftPackageReference "SDWebImage" */ = {
			isa = XCRemoteSwiftPackageReference;
			repositoryURL = "https://github.com/SDWebImage/SDWebImage";
			requirement = {
				kind = upToNextMajorVersion;
				minimumVersion = 5.19.7;
			};
		};
		AB17FB012CB983C400D081EB /* XCRemoteSwiftPackageReference "firebase-ios-sdk" */ = {
			isa = XCRemoteSwiftPackageReference;
			repositoryURL = "https://github.com/firebase/firebase-ios-sdk";
			requirement = {
				kind = upToNextMajorVersion;
				minimumVersion = 11.3.0;
			};
		};
/* End XCRemoteSwiftPackageReference section */

/* Begin XCSwiftPackageProductDependency section */
		AB17FAFD2CB9837E00D081EB /* SDWebImage */ = {
			isa = XCSwiftPackageProductDependency;
			package = AB17FAFC2CB9837E00D081EB /* XCRemoteSwiftPackageReference "SDWebImage" */;
			productName = SDWebImage;
		};
		AB17FAFF2CB9837E00D081EB /* SDWebImageMapKit */ = {
			isa = XCSwiftPackageProductDependency;
			package = AB17FAFC2CB9837E00D081EB /* XCRemoteSwiftPackageReference "SDWebImage" */;
			productName = SDWebImageMapKit;
		};
		AB17FB022CB983C400D081EB /* FirebaseAuth */ = {
			isa = XCSwiftPackageProductDependency;
			package = AB17FB012CB983C400D081EB /* XCRemoteSwiftPackageReference "firebase-ios-sdk" */;
			productName = FirebaseAuth;
		};
		AB17FB042CB983C400D081EB /* FirebaseAuthCombine-Community */ = {
			isa = XCSwiftPackageProductDependency;
			package = AB17FB012CB983C400D081EB /* XCRemoteSwiftPackageReference "firebase-ios-sdk" */;
			productName = "FirebaseAuthCombine-Community";
		};
		AB17FB062CB983C400D081EB /* FirebaseCore */ = {
			isa = XCSwiftPackageProductDependency;
			package = AB17FB012CB983C400D081EB /* XCRemoteSwiftPackageReference "firebase-ios-sdk" */;
			productName = FirebaseCore;
		};
		AB17FB082CB983C400D081EB /* FirebaseDatabase */ = {
			isa = XCSwiftPackageProductDependency;
			package = AB17FB012CB983C400D081EB /* XCRemoteSwiftPackageReference "firebase-ios-sdk" */;
			productName = FirebaseDatabase;
		};
		AB17FB0A2CB983C400D081EB /* FirebaseFirestore */ = {
			isa = XCSwiftPackageProductDependency;
			package = AB17FB012CB983C400D081EB /* XCRemoteSwiftPackageReference "firebase-ios-sdk" */;
			productName = FirebaseFirestore;
		};
		AB17FB0C2CB983C400D081EB /* FirebaseFirestoreCombine-Community */ = {
			isa = XCSwiftPackageProductDependency;
			package = AB17FB012CB983C400D081EB /* XCRemoteSwiftPackageReference "firebase-ios-sdk" */;
			productName = "FirebaseFirestoreCombine-Community";
		};
		AB17FB0E2CB983C400D081EB /* FirebaseFunctions */ = {
			isa = XCSwiftPackageProductDependency;
			package = AB17FB012CB983C400D081EB /* XCRemoteSwiftPackageReference "firebase-ios-sdk" */;
			productName = FirebaseFunctions;
		};
		AB17FB102CB983C400D081EB /* FirebaseFunctionsCombine-Community */ = {
			isa = XCSwiftPackageProductDependency;
			package = AB17FB012CB983C400D081EB /* XCRemoteSwiftPackageReference "firebase-ios-sdk" */;
			productName = "FirebaseFunctionsCombine-Community";
		};
		AB17FB122CB983C400D081EB /* FirebaseStorage */ = {
			isa = XCSwiftPackageProductDependency;
			package = AB17FB012CB983C400D081EB /* XCRemoteSwiftPackageReference "firebase-ios-sdk" */;
			productName = FirebaseStorage;
		};
		AB17FB142CB983C400D081EB /* FirebaseStorageCombine-Community */ = {
			isa = XCSwiftPackageProductDependency;
			package = AB17FB012CB983C400D081EB /* XCRemoteSwiftPackageReference "firebase-ios-sdk" */;
			productName = "FirebaseStorageCombine-Community";
		};
/* End XCSwiftPackageProductDependency section */
	};
	rootObject = AB17FAC82CB982A400D081EB /* Project object */;
}
